
Microsoft Visual Studio Solution File, Format Version 12.00
# Visual Studio Version 16
VisualStudioVersion = 16.0.29519.181
MinimumVisualStudioVersion = 10.0.40219.1
Project("{FAE04EC0-301F-11D3-BF4B-00C04F79EFBC}") = "OOP Final Project", "OOP Final Project\OOP Final Project.csproj", "{986E4EE3-2D49-4083-B3F9-C8A2ECB4035A}"
EndProject
Global
	GlobalSection(SolutionConfigurationPlatforms) = preSolution
		Debug|Any CPU = Debug|Any CPU
		Release|Any CPU = Release|Any CPU
	EndGlobalSection
	GlobalSection(ProjectConfigurationPlatforms) = postSolution
		{986E4EE3-2D49-4083-B3F9-C8A2ECB4035A}.Debug|Any CPU.ActiveCfg = Debug|Any CPU
		{986E4EE3-2D49-4083-B3F9-C8A2ECB4035A}.Debug|Any CPU.Build.0 = Debug|Any CPU
		{986E4EE3-2D49-4083-B3F9-C8A2ECB4035A}.Release|Any CPU.ActiveCfg = Release|Any CPU
		{986E4EE3-2D49-4083-B3F9-C8A2ECB4035A}.Release|Any CPU.Build.0 = Release|Any CPU
	EndGlobalSection
	GlobalSection(SolutionProperties) = preSolution
		HideSolutionNode = FALSE
	EndGlobalSection
	GlobalSection(ExtensibilityGlobals) = postSolution
		SolutionGuid = {DF2FC83C-F374-44E4-8C8D-BB0C02F71A35}
	EndGlobalSection
EndGlobal
